// !$*UTF8*$!
{
	archiveVersion = 1;
	classes = {
	};
	objectVersion = 46;
	objects = {

/* Begin PBXBuildFile section */
		46B5F2078CDA562A43F7C095 /* Pods_Time4Velo.framework in Frameworks */ = {isa = PBXBuildFile; fileRef = 8C68C0787120F438841CB16A /* Pods_Time4Velo.framework */; };
		5E72682D1F1904AB00FA97E5 /* AppDelegate.swift in Sources */ = {isa = PBXBuildFile; fileRef = 5E72682C1F1904AB00FA97E5 /* AppDelegate.swift */; };
		5E72682F1F1904AB00FA97E5 /* ViewController.swift in Sources */ = {isa = PBXBuildFile; fileRef = 5E72682E1F1904AB00FA97E5 /* ViewController.swift */; };
		5E7268321F1904AB00FA97E5 /* Main.storyboard in Resources */ = {isa = PBXBuildFile; fileRef = 5E7268301F1904AB00FA97E5 /* Main.storyboard */; };
		5E7268341F1904AB00FA97E5 /* Assets.xcassets in Resources */ = {isa = PBXBuildFile; fileRef = 5E7268331F1904AB00FA97E5 /* Assets.xcassets */; };
		5E7268371F1904AB00FA97E5 /* LaunchScreen.storyboard in Resources */ = {isa = PBXBuildFile; fileRef = 5E7268351F1904AB00FA97E5 /* LaunchScreen.storyboard */; };
/* End PBXBuildFile section */

/* Begin PBXFileReference section */
		0091F4AE7129EA5DB54513AF /* Pods-Time4Velo.release.xcconfig */ = {isa = PBXFileReference; includeInIndex = 1; lastKnownFileType = text.xcconfig; name = "Pods-Time4Velo.release.xcconfig"; path = "Pods/Target Support Files/Pods-Time4Velo/Pods-Time4Velo.release.xcconfig"; sourceTree = "<group>"; };
		5E7268291F1904AB00FA97E5 /* Time4Velo.app */ = {isa = PBXFileReference; explicitFileType = wrapper.application; includeInIndex = 0; path = Time4Velo.app; sourceTree = BUILT_PRODUCTS_DIR; };
		5E72682C1F1904AB00FA97E5 /* AppDelegate.swift */ = {isa = PBXFileReference; lastKnownFileType = sourcecode.swift; path = AppDelegate.swift; sourceTree = "<group>"; };
		5E72682E1F1904AB00FA97E5 /* ViewController.swift */ = {isa = PBXFileReference; lastKnownFileType = sourcecode.swift; path = ViewController.swift; sourceTree = "<group>"; };
		5E7268311F1904AB00FA97E5 /* Base */ = {isa = PBXFileReference; lastKnownFileType = file.storyboard; name = Base; path = Base.lproj/Main.storyboard; sourceTree = "<group>"; };
		5E7268331F1904AB00FA97E5 /* Assets.xcassets */ = {isa = PBXFileReference; lastKnownFileType = folder.assetcatalog; path = Assets.xcassets; sourceTree = "<group>"; };
		5E7268361F1904AB00FA97E5 /* Base */ = {isa = PBXFileReference; lastKnownFileType = file.storyboard; name = Base; path = Base.lproj/LaunchScreen.storyboard; sourceTree = "<group>"; };
		5E7268381F1904AB00FA97E5 /* Info.plist */ = {isa = PBXFileReference; lastKnownFileType = text.plist.xml; path = Info.plist; sourceTree = "<group>"; };
		8C68C0787120F438841CB16A /* Pods_Time4Velo.framework */ = {isa = PBXFileReference; explicitFileType = wrapper.framework; includeInIndex = 0; path = Pods_Time4Velo.framework; sourceTree = BUILT_PRODUCTS_DIR; };
		F0C5F5C10F7617A1550194EF /* Pods-Time4Velo.debug.xcconfig */ = {isa = PBXFileReference; includeInIndex = 1; lastKnownFileType = text.xcconfig; name = "Pods-Time4Velo.debug.xcconfig"; path = "Pods/Target Support Files/Pods-Time4Velo/Pods-Time4Velo.debug.xcconfig"; sourceTree = "<group>"; };
/* End PBXFileReference section */

/* Begin PBXFrameworksBuildPhase section */
		5E7268261F1904AB00FA97E5 /* Frameworks */ = {
			isa = PBXFrameworksBuildPhase;
			buildActionMask = 2147483647;
			files = (
				46B5F2078CDA562A43F7C095 /* Pods_Time4Velo.framework in Frameworks */,
			);
			runOnlyForDeploymentPostprocessing = 0;
		};
/* End PBXFrameworksBuildPhase section */

/* Begin PBXGroup section */
		5435C00C1775063912779AD7 /* Frameworks */ = {
			isa = PBXGroup;
			children = (
				8C68C0787120F438841CB16A /* Pods_Time4Velo.framework */,
			);
			name = Frameworks;
			sourceTree = "<group>";
		};
		5E7268201F1904AB00FA97E5 = {
			isa = PBXGroup;
			children = (
				5E72682B1F1904AB00FA97E5 /* Time4Velo */,
				5E72682A1F1904AB00FA97E5 /* Products */,
				DFBDE9C1BD4BFB22AE6B2AF5 /* Pods */,
				5435C00C1775063912779AD7 /* Frameworks */,
			);
			sourceTree = "<group>";
		};
		5E72682A1F1904AB00FA97E5 /* Products */ = {
			isa = PBXGroup;
			children = (
				5E7268291F1904AB00FA97E5 /* Time4Velo.app */,
			);
			name = Products;
			sourceTree = "<group>";
		};
		5E72682B1F1904AB00FA97E5 /* Time4Velo */ = {
			isa = PBXGroup;
			children = (
				5EF8BA161F1CD8D900E0E1F3 /* Main */,
				5EF8BA171F1CD8E200E0E1F3 /* Resources */,
				5EF8BA181F1CD8EA00E0E1F3 /* Extension */,
				5EF8BA1B1F1CD93F00E0E1F3 /* Tools */,
				5EF8BA1C1F1CD94B00E0E1F3 /* Model */,
				5EF8BA1D1F1CD95400E0E1F3 /* Service */,
				5EF8BA1E1F1CD96B00E0E1F3 /* Custom elements */,
				5EF8BA1F1F1CD97C00E0E1F3 /* Modules */,
				5EF8BA211F1CD9AA00E0E1F3 /* Protocols */,
			);
			path = Time4Velo;
			sourceTree = "<group>";
		};
		5EF8BA161F1CD8D900E0E1F3 /* Main */ = {
			isa = PBXGroup;
			children = (
				5E72682C1F1904AB00FA97E5 /* AppDelegate.swift */,
			);
			name = Main;
			sourceTree = "<group>";
		};
		5EF8BA171F1CD8E200E0E1F3 /* Resources */ = {
			isa = PBXGroup;
			children = (
				5EF8BA191F1CD91000E0E1F3 /* Splash Screen files */,
				5E7268331F1904AB00FA97E5 /* Assets.xcassets */,
				5E7268381F1904AB00FA97E5 /* Info.plist */,
			);
			name = Resources;
			sourceTree = "<group>";
		};
		5EF8BA181F1CD8EA00E0E1F3 /* Extension */ = {
			isa = PBXGroup;
			children = (
			);
			name = Extension;
			sourceTree = "<group>";
		};
		5EF8BA191F1CD91000E0E1F3 /* Splash Screen files */ = {
			isa = PBXGroup;
			children = (
				5E7268351F1904AB00FA97E5 /* LaunchScreen.storyboard */,
			);
			name = "Splash Screen files";
			sourceTree = "<group>";
		};
		5EF8BA1B1F1CD93F00E0E1F3 /* Tools */ = {
			isa = PBXGroup;
			children = (
			);
			name = Tools;
			sourceTree = "<group>";
		};
		5EF8BA1C1F1CD94B00E0E1F3 /* Model */ = {
			isa = PBXGroup;
			children = (
			);
			name = Model;
			sourceTree = "<group>";
		};
		5EF8BA1D1F1CD95400E0E1F3 /* Service */ = {
			isa = PBXGroup;
			children = (
			);
			name = Service;
			sourceTree = "<group>";
		};
		5EF8BA1E1F1CD96B00E0E1F3 /* Custom elements */ = {
			isa = PBXGroup;
			children = (
			);
			name = "Custom elements";
			sourceTree = "<group>";
		};
		5EF8BA1F1F1CD97C00E0E1F3 /* Modules */ = {
			isa = PBXGroup;
			children = (
				5EF8BA201F1CD99000E0E1F3 /* Main */,
			);
			name = Modules;
			sourceTree = "<group>";
		};
		5EF8BA201F1CD99000E0E1F3 /* Main */ = {
			isa = PBXGroup;
			children = (
				5E72682E1F1904AB00FA97E5 /* ViewController.swift */,
				5E7268301F1904AB00FA97E5 /* Main.storyboard */,
			);
			name = Main;
			sourceTree = "<group>";
		};
		5EF8BA211F1CD9AA00E0E1F3 /* Protocols */ = {
			isa = PBXGroup;
			children = (
			);
			name = Protocols;
			sourceTree = "<group>";
		};
		DFBDE9C1BD4BFB22AE6B2AF5 /* Pods */ = {
			isa = PBXGroup;
			children = (
				F0C5F5C10F7617A1550194EF /* Pods-Time4Velo.debug.xcconfig */,
				0091F4AE7129EA5DB54513AF /* Pods-Time4Velo.release.xcconfig */,
			);
			name = Pods;
			sourceTree = "<group>";
		};
/* End PBXGroup section */

/* Begin PBXNativeTarget section */
		5E7268281F1904AB00FA97E5 /* Time4Velo */ = {
			isa = PBXNativeTarget;
			buildConfigurationList = 5E72683B1F1904AB00FA97E5 /* Build configuration list for PBXNativeTarget "Time4Velo" */;
			buildPhases = (
				94AE09D9FA6179025AF34C40 /* [CP] Check Pods Manifest.lock */,
				5E7268251F1904AB00FA97E5 /* Sources */,
				5E7268261F1904AB00FA97E5 /* Frameworks */,
				5E7268271F1904AB00FA97E5 /* Resources */,
				9E535B0136656983BBA0F3BB /* [CP] Embed Pods Frameworks */,
				18786AFD3D262AFB794AB9CE /* [CP] Copy Pods Resources */,
			);
			buildRules = (
			);
			dependencies = (
			);
			name = Time4Velo;
			productName = Time4Velo;
			productReference = 5E7268291F1904AB00FA97E5 /* Time4Velo.app */;
			productType = "com.apple.product-type.application";
		};
/* End PBXNativeTarget section */

/* Begin PBXProject section */
		5E7268211F1904AB00FA97E5 /* Project object */ = {
			isa = PBXProject;
			attributes = {
				LastSwiftUpdateCheck = 0830;
				LastUpgradeCheck = 0830;
				ORGANIZATIONNAME = "Patryk Bejgrowicz";
				TargetAttributes = {
					5E7268281F1904AB00FA97E5 = {
						CreatedOnToolsVersion = 8.3.3;
						DevelopmentTeam = UA7TVN582J;
						ProvisioningStyle = Automatic;
					};
				};
			};
			buildConfigurationList = 5E7268241F1904AB00FA97E5 /* Build configuration list for PBXProject "Time4Velo" */;
			compatibilityVersion = "Xcode 3.2";
			developmentRegion = English;
			hasScannedForEncodings = 0;
			knownRegions = (
				en,
				Base,
			);
			mainGroup = 5E7268201F1904AB00FA97E5;
			productRefGroup = 5E72682A1F1904AB00FA97E5 /* Products */;
			projectDirPath = "";
			projectRoot = "";
			targets = (
				5E7268281F1904AB00FA97E5 /* Time4Velo */,
			);
		};
/* End PBXProject section */

/* Begin PBXResourcesBuildPhase section */
		5E7268271F1904AB00FA97E5 /* Resources */ = {
			isa = PBXResourcesBuildPhase;
			buildActionMask = 2147483647;
			files = (
				5E7268371F1904AB00FA97E5 /* LaunchScreen.storyboard in Resources */,
				5E7268341F1904AB00FA97E5 /* Assets.xcassets in Resources */,
				5E7268321F1904AB00FA97E5 /* Main.storyboard in Resources */,
			);
			runOnlyForDeploymentPostprocessing = 0;
		};
/* End PBXResourcesBuildPhase section */

/* Begin PBXShellScriptBuildPhase section */
		18786AFD3D262AFB794AB9CE /* [CP] Copy Pods Resources */ = {
			isa = PBXShellScriptBuildPhase;
			buildActionMask = 2147483647;
			files = (
			);
			inputPaths = (
			);
			name = "[CP] Copy Pods Resources";
			outputPaths = (
			);
			runOnlyForDeploymentPostprocessing = 0;
			shellPath = /bin/sh;
			shellScript = "\"${SRCROOT}/Pods/Target Support Files/Pods-Time4Velo/Pods-Time4Velo-resources.sh\"\n";
			showEnvVarsInLog = 0;
		};
		94AE09D9FA6179025AF34C40 /* [CP] Check Pods Manifest.lock */ = {
			isa = PBXShellScriptBuildPhase;
			buildActionMask = 2147483647;
			files = (
			);
			inputPaths = (
			);
			name = "[CP] Check Pods Manifest.lock";
			outputPaths = (
			);
			runOnlyForDeploymentPostprocessing = 0;
			shellPath = /bin/sh;
			shellScript = "diff \"${PODS_PODFILE_DIR_PATH}/Podfile.lock\" \"${PODS_ROOT}/Manifest.lock\" > /dev/null\nif [ $? != 0 ] ; then\n    # print error to STDERR\n    echo \"error: The sandbox is not in sync with the Podfile.lock. Run 'pod install' or update your CocoaPods installation.\" >&2\n    exit 1\nfi\n";
			showEnvVarsInLog = 0;
		};
		9E535B0136656983BBA0F3BB /* [CP] Embed Pods Frameworks */ = {
			isa = PBXShellScriptBuildPhase;
			buildActionMask = 2147483647;
			files = (
			);
			inputPaths = (
			);
			name = "[CP] Embed Pods Frameworks";
			outputPaths = (
			);
			runOnlyForDeploymentPostprocessing = 0;
			shellPath = /bin/sh;
			shellScript = "\"${SRCROOT}/Pods/Target Support Files/Pods-Time4Velo/Pods-Time4Velo-frameworks.sh\"\n";
			showEnvVarsInLog = 0;
		};
/* End PBXShellScriptBuildPhase section */

/* Begin PBXSourcesBuildPhase section */
		5E7268251F1904AB00FA97E5 /* Sources */ = {
			isa = PBXSourcesBuildPhase;
			buildActionMask = 2147483647;
			files = (
				5E72682F1F1904AB00FA97E5 /* ViewController.swift in Sources */,
				5E72682D1F1904AB00FA97E5 /* AppDelegate.swift in Sources */,
			);
			runOnlyForDeploymentPostprocessing = 0;
		};
/* End PBXSourcesBuildPhase section */

/* Begin PBXVariantGroup section */
		5E7268301F1904AB00FA97E5 /* Main.storyboard */ = {
			isa = PBXVariantGroup;
			children = (
				5E7268311F1904AB00FA97E5 /* Base */,
			);
			name = Main.storyboard;
			sourceTree = "<group>";
		};
		5E7268351F1904AB00FA97E5 /* LaunchScreen.storyboard */ = {
			isa = PBXVariantGroup;
			children = (
				5E7268361F1904AB00FA97E5 /* Base */,
			);
			name = LaunchScreen.storyboard;
			sourceTree = "<group>";
		};
/* End PBXVariantGroup section */

/* Begin XCBuildConfiguration section */
		5E7268391F1904AB00FA97E5 /* Debug */ = {
			isa = XCBuildConfiguration;
			buildSettings = {
				ALWAYS_SEARCH_USER_PATHS = NO;
				CLANG_ANALYZER_NONNULL = YES;
				CLANG_ANALYZER_NUMBER_OBJECT_CONVERSION = YES_AGGRESSIVE;
				CLANG_CXX_LANGUAGE_STANDARD = "gnu++0x";
				CLANG_CXX_LIBRARY = "libc++";
				CLANG_ENABLE_MODULES = YES;
				CLANG_ENABLE_OBJC_ARC = YES;
				CLANG_WARN_BOOL_CONVERSION = YES;
				CLANG_WARN_CONSTANT_CONVERSION = YES;
				CLANG_WARN_DIRECT_OBJC_ISA_USAGE = YES_ERROR;
				CLANG_WARN_DOCUMENTATION_COMMENTS = YES;
				CLANG_WARN_EMPTY_BODY = YES;
				CLANG_WARN_ENUM_CONVERSION = YES;
				CLANG_WARN_INFINITE_RECURSION = YES;
				CLANG_WARN_INT_CONVERSION = YES;
				CLANG_WARN_OBJC_ROOT_CLASS = YES_ERROR;
				CLANG_WARN_SUSPICIOUS_MOVE = YES;
				CLANG_WARN_UNREACHABLE_CODE = YES;
				CLANG_WARN__DUPLICATE_METHOD_MATCH = YES;
				"CODE_SIGN_IDENTITY[sdk=iphoneos*]" = "iPhone Developer";
				COPY_PHASE_STRIP = NO;
				DEBUG_INFORMATION_FORMAT = dwarf;
				ENABLE_STRICT_OBJC_MSGSEND = YES;
				ENABLE_TESTABILITY = YES;
				GCC_C_LANGUAGE_STANDARD = gnu99;
				GCC_DYNAMIC_NO_PIC = NO;
				GCC_NO_COMMON_BLOCKS = YES;
				GCC_OPTIMIZATION_LEVEL = 0;
				GCC_PREPROCESSOR_DEFINITIONS = (
					"DEBUG=1",
					"$(inherited)",
				);
				GCC_WARN_64_TO_32_BIT_CONVERSION = YES;
				GCC_WARN_ABOUT_RETURN_TYPE = YES_ERROR;
				GCC_WARN_UNDECLARED_SELECTOR = YES;
				GCC_WARN_UNINITIALIZED_AUTOS = YES_AGGRESSIVE;
				GCC_WARN_UNUSED_FUNCTION = YES;
				GCC_WARN_UNUSED_VARIABLE = YES;
				IPHONEOS_DEPLOYMENT_TARGET = 10.3;
				MTL_ENABLE_DEBUG_INFO = YES;
				ONLY_ACTIVE_ARCH = YES;
				SDKROOT = iphoneos;
				SWIFT_ACTIVE_COMPILATION_CONDITIONS = DEBUG;
				SWIFT_OPTIMIZATION_LEVEL = "-Onone";
			};
			name = Debug;
		};
		5E72683A1F1904AB00FA97E5 /* Release */ = {
			isa = XCBuildConfiguration;
			buildSettings = {
				ALWAYS_SEARCH_USER_PATHS = NO;
				CLANG_ANALYZER_NONNULL = YES;
				CLANG_ANALYZER_NUMBER_OBJECT_CONVERSION = YES_AGGRESSIVE;
				CLANG_CXX_LANGUAGE_STANDARD = "gnu++0x";
				CLANG_CXX_LIBRARY = "libc++";
				CLANG_ENABLE_MODULES = YES;
				CLANG_ENABLE_OBJC_ARC = YES;
				CLANG_WARN_BOOL_CONVERSION = YES;
				CLANG_WARN_CONSTANT_CONVERSION = YES;
				CLANG_WARN_DIRECT_OBJC_ISA_USAGE = YES_ERROR;
				CLANG_WARN_DOCUMENTATION_COMMENTS = YES;
				CLANG_WARN_EMPTY_BODY = YES;
				CLANG_WARN_ENUM_CONVERSION = YES;
				CLANG_WARN_INFINITE_RECURSION = YES;
				CLANG_WARN_INT_CONVERSION = YES;
				CLANG_WARN_OBJC_ROOT_CLASS = YES_ERROR;
				CLANG_WARN_SUSPICIOUS_MOVE = YES;
				CLANG_WARN_UNREACHABLE_CODE = YES;
				CLANG_WARN__DUPLICATE_METHOD_MATCH = YES;
				"CODE_SIGN_IDENTITY[sdk=iphoneos*]" = "iPhone Developer";
				COPY_PHASE_STRIP = NO;
				DEBUG_INFORMATION_FORMAT = "dwarf-with-dsym";
				ENABLE_NS_ASSERTIONS = NO;
				ENABLE_STRICT_OBJC_MSGSEND = YES;
				GCC_C_LANGUAGE_STANDARD = gnu99;
				GCC_NO_COMMON_BLOCKS = YES;
				GCC_WARN_64_TO_32_BIT_CONVERSION = YES;
				GCC_WARN_ABOUT_RETURN_TYPE = YES_ERROR;
				GCC_WARN_UNDECLARED_SELECTOR = YES;
				GCC_WARN_UNINITIALIZED_AUTOS = YES_AGGRESSIVE;
				GCC_WARN_UNUSED_FUNCTION = YES;
				GCC_WARN_UNUSED_VARIABLE = YES;
				IPHONEOS_DEPLOYMENT_TARGET = 10.3;
				MTL_ENABLE_DEBUG_INFO = NO;
				SDKROOT = iphoneos;
				SWIFT_OPTIMIZATION_LEVEL = "-Owholemodule";
				VALIDATE_PRODUCT = YES;
			};
			name = Release;
		};
		5E72683C1F1904AB00FA97E5 /* Debug */ = {
			isa = XCBuildConfiguration;
			baseConfigurationReference = F0C5F5C10F7617A1550194EF /* Pods-Time4Velo.debug.xcconfig */;
			buildSettings = {
				ASSETCATALOG_COMPILER_APPICON_NAME = AppIcon;
				DEVELOPMENT_TEAM = UA7TVN582J;
				INFOPLIST_FILE = Time4Velo/Info.plist;
				LD_RUNPATH_SEARCH_PATHS = "$(inherited) @executable_path/Frameworks";
				PRODUCT_BUNDLE_IDENTIFIER = com.bejgrowicz.Time4Velo;
				PRODUCT_NAME = "$(TARGET_NAME)";
				SWIFT_VERSION = 3.0;
			};
			name = Debug;
		};
		5E72683D1F1904AB00FA97E5 /* Release */ = {
			isa = XCBuildConfiguration;
			baseConfigurationReference = 0091F4AE7129EA5DB54513AF /* Pods-Time4Velo.release.xcconfig */;
			buildSettings = {
				ASSETCATALOG_COMPILER_APPICON_NAME = AppIcon;
				DEVELOPMENT_TEAM = UA7TVN582J;
				INFOPLIST_FILE = Time4Velo/Info.plist;
				LD_RUNPATH_SEARCH_PATHS = "$(inherited) @executable_path/Frameworks";
				PRODUCT_BUNDLE_IDENTIFIER = com.bejgrowicz.Time4Velo;
				PRODUCT_NAME = "$(TARGET_NAME)";
				SWIFT_VERSION = 3.0;
			};
			name = Release;
		};
/* End XCBuildConfiguration section */

/* Begin XCConfigurationList section */
		5E7268241F1904AB00FA97E5 /* Build configuration list for PBXProject "Time4Velo" */ = {
			isa = XCConfigurationList;
			buildConfigurations = (
				5E7268391F1904AB00FA97E5 /* Debug */,
				5E72683A1F1904AB00FA97E5 /* Release */,
			);
			defaultConfigurationIsVisible = 0;
			defaultConfigurationName = Release;
		};
		5E72683B1F1904AB00FA97E5 /* Build configuration list for PBXNativeTarget "Time4Velo" */ = {
			isa = XCConfigurationList;
			buildConfigurations = (
				5E72683C1F1904AB00FA97E5 /* Debug */,
				5E72683D1F1904AB00FA97E5 /* Release */,
			);
			defaultConfigurationIsVisible = 0;
			defaultConfigurationName = Release;
		};
/* End XCConfigurationList section */
	};
	rootObject = 5E7268211F1904AB00FA97E5 /* Project object */;
}
